
Microsoft Visual Studio Solution File, Format Version 12.00
# Visual Studio Version 17
VisualStudioVersion = 17.3.32901.215
MinimumVisualStudioVersion = 10.0.40219.1
Project("{FAE04EC0-301F-11D3-BF4B-00C04F79EFBC}") = "WarriorWars", "WarriorWars\WarriorWars.csproj", "{AED9E6EE-7DB8-4DAA-A2FF-4328D61BCA86}"
EndProject
Global
	GlobalSection(SolutionConfigurationPlatforms) = preSolution
		Debug|Any CPU = Debug|Any CPU
		Release|Any CPU = Release|Any CPU
	EndGlobalSection
	GlobalSection(ProjectConfigurationPlatforms) = postSolution
		{AED9E6EE-7DB8-4DAA-A2FF-4328D61BCA86}.Debug|Any CPU.ActiveCfg = Debug|Any CPU
		{AED9E6EE-7DB8-4DAA-A2FF-4328D61BCA86}.Debug|Any CPU.Build.0 = Debug|Any CPU
		{AED9E6EE-7DB8-4DAA-A2FF-4328D61BCA86}.Release|Any CPU.ActiveCfg = Release|Any CPU
		{AED9E6EE-7DB8-4DAA-A2FF-4328D61BCA86}.Release|Any CPU.Build.0 = Release|Any CPU
	EndGlobalSection
	GlobalSection(SolutionProperties) = preSolution
		HideSolutionNode = FALSE
	EndGlobalSection
	GlobalSection(ExtensibilityGlobals) = postSolution
		SolutionGuid = {7E82CF66-37DD-4083-BB42-B25474EAF20E}
	EndGlobalSection
EndGlobal
